{
  "name": "eveonline_universe",
  "version": "1.0.0",
  "lockfileVersion": 1,
  "requires": true,
  "dependencies": {
    "@babel/runtime": {
      "version": "7.5.0",
      "resolved": "https://registry.npm.taobao.org/@babel/runtime/download/@babel/runtime-7.5.0.tgz?cache=0&sync_timestamp=1584800126869&other_urls=https%3A%2F%2Fregistry.npm.taobao.org%2F%40babel%2Fruntime%2Fdownload%2F%40babel%2Fruntime-7.5.0.tgz",
      "integrity": "sha1-Sdy81jcJmlXTph5ZCgDWhhOTsbU=",
      "requires": {
        "regenerator-runtime": "^0.13.2"
      }
    },
    "axios": {
      "version": "0.19.2",
      "resolved": "https://registry.npm.taobao.org/axios/download/axios-0.19.2.tgz",
      "integrity": "sha1-PqNsXYgY0NX4qKl6bTa4bNwAyyc=",
      "requires": {
        "follow-redirects": "1.5.10"
      }
    },
    "axios-retry": {
      "version": "3.1.4",
      "resolved": "https://registry.npm.taobao.org/axios-retry/download/axios-retry-3.1.4.tgz",
      "integrity": "sha1-JXND7shD2K2ka4iTCP0cRTjXr7I=",
      "requires": {
        "is-retry-allowed": "^1.1.0"
      }
    },
    "debug": {
      "version": "3.1.0",
      "resolved": "https://registry.npm.taobao.org/debug/download/debug-3.1.0.tgz",
      "integrity": "sha1-W7WgZyYotkFJVmuhaBnmFRjGcmE=",
      "requires": {
        "ms": "2.0.0"
      }
    },
    "dotenv": {
      "version": "8.2.0",
      "resolved": "https://registry.npm.taobao.org/dotenv/download/dotenv-8.2.0.tgz?cache=0&sync_timestamp=1571190782798&other_urls=https%3A%2F%2Fregistry.npm.taobao.org%2Fdotenv%2Fdownload%2Fdotenv-8.2.0.tgz",
      "integrity": "sha1-l+YZJZradQ7qPk6j4mvO6lQksWo="
    },
    "follow-redirects": {
      "version": "1.5.10",
      "resolved": "https://registry.npm.taobao.org/follow-redirects/download/follow-redirects-1.5.10.tgz",
      "integrity": "sha1-e3qfmuov3/NnhqlP9kPtB/T/Xio=",
      "requires": {
        "debug": "=3.1.0"
      }
    },
    "graceful-fs": {
      "version": "4.2.3",
      "resolved": "https://registry.npm.taobao.org/graceful-fs/download/graceful-fs-4.2.3.tgz",
      "integrity": "sha1-ShL/G2A3bvCYYsIJPt2Qgyi+hCM="
    },
    "is-promise": {
      "version": "2.1.0",
      "resolved": "https://registry.npm.taobao.org/is-promise/download/is-promise-2.1.0.tgz",
      "integrity": "sha1-eaKp7OfwlugPNtKy87wWwf9L8/o="
    },
    "is-retry-allowed": {
      "version": "1.2.0",
      "resolved": "https://registry.npm.taobao.org/is-retry-allowed/download/is-retry-allowed-1.2.0.tgz",
      "integrity": "sha1-13hIi9CkZmo76KFIK58rqv7eqLQ="
    },
    "lodash": {
      "version": "4.17.15",
      "resolved": "https://registry.npm.taobao.org/lodash/download/lodash-4.17.15.tgz",
      "integrity": "sha1-tEf2ZwoEVbv+7dETku/zMOoJdUg="
    },
    "lowdb": {
      "version": "1.0.0",
      "resolved": "https://registry.npm.taobao.org/lowdb/download/lowdb-1.0.0.tgz",
      "integrity": "sha1-UkO+ayJ4bMzjDlDJoz6sNrIMgGQ=",
      "requires": {
        "graceful-fs": "^4.1.3",
        "is-promise": "^2.1.0",
        "lodash": "4",
        "pify": "^3.0.0",
        "steno": "^0.4.1"
      }
    },
    "ms": {
      "version": "2.0.0",
      "resolved": "https://registry.npm.taobao.org/ms/download/ms-2.0.0.tgz?cache=0&other_urls=https%3A%2F%2Fregistry.npm.taobao.org%2Fms%2Fdownload%2Fms-2.0.0.tgz",
      "integrity": "sha1-VgiurfwAvmwpAd9fmGF4jeDVl8g="
    },
    "pify": {
      "version": "3.0.0",
      "resolved": "https://registry.npm.taobao.org/pify/download/pify-3.0.0.tgz",
      "integrity": "sha1-5aSs0sEB/fPZpNB/DbxNtJ3SgXY="
    },
    "regenerator-runtime": {
      "version": "0.13.5",
      "resolved": "https://registry.npm.taobao.org/regenerator-runtime/download/regenerator-runtime-0.13.5.tgz?cache=0&other_urls=https%3A%2F%2Fregistry.npm.taobao.org%2Fregenerator-runtime%2Fdownload%2Fregenerator-runtime-0.13.5.tgz",
      "integrity": "sha1-2Hih0JS0MG0QuQlkhLM+vVXiZpc="
    },
    "set-interval-async": {
      "version": "1.0.32",
      "resolved": "https://registry.npm.taobao.org/set-interval-async/download/set-interval-async-1.0.32.tgz",
      "integrity": "sha1-9s4/BUg/eeTtbiP4zMrGRDMVeDg=",
      "requires": {
        "@babel/runtime": "7.5.0"
      }
    },
    "stellar-classification-parser": {
      "version": "1.1.4",
      "resolved": "https://registry.npm.taobao.org/stellar-classification-parser/download/stellar-classification-parser-1.1.4.tgz",
      "integrity": "sha1-LtAUtmAERB0hKIatS29npGLZL6Q=",
      "requires": {
        "top-down-parser": "^1.0.1"
      }
    },
    "steno": {
      "version": "0.4.4",
      "resolved": "https://registry.npm.taobao.org/steno/download/steno-0.4.4.tgz?cache=0&sync_timestamp=1584576007949&other_urls=https%3A%2F%2Fregistry.npm.taobao.org%2Fsteno%2Fdownload%2Fsteno-0.4.4.tgz",
      "integrity": "sha1-BxEFvfwobmYVwEA8J+nXtdy4Vcs=",
      "requires": {
        "graceful-fs": "^4.1.3"
      }
    },
    "top-down-parser": {
      "version": "1.0.1",
      "resolved": "https://registry.npm.taobao.org/top-down-parser/download/top-down-parser-1.0.1.tgz",
      "integrity": "sha1-U0J/AQ2+XgeUP+m0LafkkuzWCgA="
    }
  }
}
